
Microsoft Visual Studio Solution File, Format Version 12.00
Project("{FAE04EC0-301F-11D3-BF4B-00C04F79EFBC}") = "LibraryManager.API", "LibraryManager.API\LibraryManager.API.csproj", "{A0B2357A-067A-434D-BBA9-0649D3DD9B07}"
EndProject
Project("{FAE04EC0-301F-11D3-BF4B-00C04F79EFBC}") = "LibraryManager.Core", "LibraryManager.Core\LibraryManager.Core.csproj", "{084965AE-A167-492F-8686-5219A3021EBF}"
EndProject
Project("{FAE04EC0-301F-11D3-BF4B-00C04F79EFBC}") = "LibraryManager.Domain", "LibraryManager.Domain\LibraryManager.Domain.csproj", "{737894FB-2D52-44F8-90DD-9D188D12D780}"
EndProject
Project("{FAE04EC0-301F-11D3-BF4B-00C04F79EFBC}") = "LibraryManager.Infrastructure", "LibraryManager.Infrastructure\LibraryManager.Infrastructure.csproj", "{3D3C2E6E-36CC-4624-BE93-CC2703CC2FB1}"
EndProject
Global
	GlobalSection(SolutionConfigurationPlatforms) = preSolution
		Debug|Any CPU = Debug|Any CPU
		Release|Any CPU = Release|Any CPU
	EndGlobalSection
	GlobalSection(ProjectConfigurationPlatforms) = postSolution
		{A0B2357A-067A-434D-BBA9-0649D3DD9B07}.Debug|Any CPU.ActiveCfg = Debug|Any CPU
		{A0B2357A-067A-434D-BBA9-0649D3DD9B07}.Debug|Any CPU.Build.0 = Debug|Any CPU
		{A0B2357A-067A-434D-BBA9-0649D3DD9B07}.Release|Any CPU.ActiveCfg = Release|Any CPU
		{A0B2357A-067A-434D-BBA9-0649D3DD9B07}.Release|Any CPU.Build.0 = Release|Any CPU
		{084965AE-A167-492F-8686-5219A3021EBF}.Debug|Any CPU.ActiveCfg = Debug|Any CPU
		{084965AE-A167-492F-8686-5219A3021EBF}.Debug|Any CPU.Build.0 = Debug|Any CPU
		{084965AE-A167-492F-8686-5219A3021EBF}.Release|Any CPU.ActiveCfg = Release|Any CPU
		{084965AE-A167-492F-8686-5219A3021EBF}.Release|Any CPU.Build.0 = Release|Any CPU
		{737894FB-2D52-44F8-90DD-9D188D12D780}.Debug|Any CPU.ActiveCfg = Debug|Any CPU
		{737894FB-2D52-44F8-90DD-9D188D12D780}.Debug|Any CPU.Build.0 = Debug|Any CPU
		{737894FB-2D52-44F8-90DD-9D188D12D780}.Release|Any CPU.ActiveCfg = Release|Any CPU
		{737894FB-2D52-44F8-90DD-9D188D12D780}.Release|Any CPU.Build.0 = Release|Any CPU
		{3D3C2E6E-36CC-4624-BE93-CC2703CC2FB1}.Debug|Any CPU.ActiveCfg = Debug|Any CPU
		{3D3C2E6E-36CC-4624-BE93-CC2703CC2FB1}.Debug|Any CPU.Build.0 = Debug|Any CPU
		{3D3C2E6E-36CC-4624-BE93-CC2703CC2FB1}.Release|Any CPU.ActiveCfg = Release|Any CPU
		{3D3C2E6E-36CC-4624-BE93-CC2703CC2FB1}.Release|Any CPU.Build.0 = Release|Any CPU
	EndGlobalSection
EndGlobal
